
Microsoft Visual Studio Solution File, Format Version 12.00
# Visual Studio Version 17
VisualStudioVersion = 17.4.33205.214
MinimumVisualStudioVersion = 10.0.40219.1
Project("{9A19103F-16F7-4668-BE54-9A1E7A4F7556}") = "GoldenRaspberry.Api", "GoldenRaspberry.Api.csproj", "{BEC49E3D-CE6F-4C6F-B33B-8E1A181289A0}"
EndProject
Project("{FAE04EC0-301F-11D3-BF4B-00C04F79EFBC}") = "GoldenRaspBerry.Tests", "..\GoldenRaspBerry.Tests\GoldenRaspBerry.Tests.csproj", "{7CEF23F9-91F3-4E46-ACCD-067B9AD546D2}"
EndProject
Global
	GlobalSection(SolutionConfigurationPlatforms) = preSolution
		Debug|Any CPU = Debug|Any CPU
		Release|Any CPU = Release|Any CPU
	EndGlobalSection
	GlobalSection(ProjectConfigurationPlatforms) = postSolution
		{BEC49E3D-CE6F-4C6F-B33B-8E1A181289A0}.Debug|Any CPU.ActiveCfg = Debug|Any CPU
		{BEC49E3D-CE6F-4C6F-B33B-8E1A181289A0}.Debug|Any CPU.Build.0 = Debug|Any CPU
		{BEC49E3D-CE6F-4C6F-B33B-8E1A181289A0}.Release|Any CPU.ActiveCfg = Release|Any CPU
		{BEC49E3D-CE6F-4C6F-B33B-8E1A181289A0}.Release|Any CPU.Build.0 = Release|Any CPU
		{7CEF23F9-91F3-4E46-ACCD-067B9AD546D2}.Debug|Any CPU.ActiveCfg = Debug|Any CPU
		{7CEF23F9-91F3-4E46-ACCD-067B9AD546D2}.Debug|Any CPU.Build.0 = Debug|Any CPU
		{7CEF23F9-91F3-4E46-ACCD-067B9AD546D2}.Release|Any CPU.ActiveCfg = Release|Any CPU
		{7CEF23F9-91F3-4E46-ACCD-067B9AD546D2}.Release|Any CPU.Build.0 = Release|Any CPU
	EndGlobalSection
	GlobalSection(SolutionProperties) = preSolution
		HideSolutionNode = FALSE
	EndGlobalSection
	GlobalSection(ExtensibilityGlobals) = postSolution
		SolutionGuid = {42343BA4-99B7-417B-A108-DF1D2BB0EEB3}
	EndGlobalSection
EndGlobal
